
Microsoft Visual Studio Solution File, Format Version 12.00
# Visual Studio Version 16
VisualStudioVersion = 16.0.30611.23
MinimumVisualStudioVersion = 10.0.40219.1
Project("{FAE04EC0-301F-11D3-BF4B-00C04F79EFBC}") = "zzbs.GrpcServiceDemo.DefaultServer", "zzbs.GrpcServiceDemo.DefaultServer\zzbs.GrpcServiceDemo.DefaultServer.csproj", "{FFCD6E36-D43E-4401-BB53-75E02955F8AE}"
EndProject
Project("{FAE04EC0-301F-11D3-BF4B-00C04F79EFBC}") = "zzbs.GrpcDemo.ConsoleClient", "zzbs.GrpcDemo.ConsoleClient\zzbs.GrpcDemo.ConsoleClient.csproj", "{18A045C4-D0B7-4E98-A7C6-BA20FDEDE034}"
EndProject
Global
	GlobalSection(SolutionConfigurationPlatforms) = preSolution
		Debug|Any CPU = Debug|Any CPU
		Release|Any CPU = Release|Any CPU
	EndGlobalSection
	GlobalSection(ProjectConfigurationPlatforms) = postSolution
		{FFCD6E36-D43E-4401-BB53-75E02955F8AE}.Debug|Any CPU.ActiveCfg = Debug|Any CPU
		{FFCD6E36-D43E-4401-BB53-75E02955F8AE}.Debug|Any CPU.Build.0 = Debug|Any CPU
		{FFCD6E36-D43E-4401-BB53-75E02955F8AE}.Release|Any CPU.ActiveCfg = Release|Any CPU
		{FFCD6E36-D43E-4401-BB53-75E02955F8AE}.Release|Any CPU.Build.0 = Release|Any CPU
		{18A045C4-D0B7-4E98-A7C6-BA20FDEDE034}.Debug|Any CPU.ActiveCfg = Debug|Any CPU
		{18A045C4-D0B7-4E98-A7C6-BA20FDEDE034}.Debug|Any CPU.Build.0 = Debug|Any CPU
		{18A045C4-D0B7-4E98-A7C6-BA20FDEDE034}.Release|Any CPU.ActiveCfg = Release|Any CPU
		{18A045C4-D0B7-4E98-A7C6-BA20FDEDE034}.Release|Any CPU.Build.0 = Release|Any CPU
	EndGlobalSection
	GlobalSection(SolutionProperties) = preSolution
		HideSolutionNode = FALSE
	EndGlobalSection
	GlobalSection(ExtensibilityGlobals) = postSolution
		SolutionGuid = {F901C4A6-8067-44BD-86CD-09BD0C02926B}
	EndGlobalSection
EndGlobal
